{
    "_readme": [
        "This file locks the dependencies of your project to a known state",
        "Read more about it at http://getcomposer.org/doc/01-basic-usage.md#composer-lock-the-lock-file",
        "This file is @generated automatically"
    ],
    "hash": "98a74c7a9aefd70ebd328008552aed70",
    "packages": [
        {
            "name": "bummzack/sortablefile",
            "version": "dev-master",
            "source": {
                "type": "git",
                "url": "https://github.com/bummzack/sortablefile.git",
                "reference": "3859c9d083ed967251ef784eababcb72a817c892"
            },
            "dist": {
                "type": "zip",
                "url": "https://api.github.com/repos/bummzack/sortablefile/zipball/3859c9d083ed967251ef784eababcb72a817c892",
                "reference": "3859c9d083ed967251ef784eababcb72a817c892",
                "shasum": ""
            },
            "require": {
                "silverstripe/framework": "~3.1"
            },
            "type": "silverstripe-module",
            "extra": {
                "branch-alias": {
                    "dev-master": "1.0.x-dev"
                }
            },
            "notification-url": "https://packagist.org/downloads/",
            "license": [
                "BSD-3-Clause"
            ],
            "authors": [
                {
                    "name": "bummzack"
                }
            ],
            "description": "An extension for SilverStripe 3.1 that allows sorting of multiple attached images (extends UploadField).",
            "keywords": [
                "cms",
                "silverstripe",
                "sortable"
            ],
            "time": "2015-03-10 15:54:39"
        },
        {
            "name": "composer/installers",
            "version": "dev-master",
            "source": {
                "type": "git",
                "url": "https://github.com/composer/installers.git",
                "reference": "61b6efdbe56b4658c0f6b4c0da5690fe8cf763e5"
            },
            "dist": {
                "type": "zip",
                "url": "https://api.github.com/repos/composer/installers/zipball/61b6efdbe56b4658c0f6b4c0da5690fe8cf763e5",
                "reference": "61b6efdbe56b4658c0f6b4c0da5690fe8cf763e5",
                "shasum": ""
            },
            "replace": {
                "roundcube/plugin-installer": "*",
                "shama/baton": "*"
            },
            "require-dev": {
                "composer/composer": "1.0.*@dev",
                "phpunit/phpunit": "4.1.*"
            },
            "type": "composer-installer",
            "extra": {
                "class": "Composer\\Installers\\Installer",
                "branch-alias": {
                    "dev-master": "1.0-dev"
                }
            },
            "autoload": {
                "psr-0": {
                    "Composer\\Installers\\": "src/"
                }
            },
            "notification-url": "https://packagist.org/downloads/",
            "license": [
                "MIT"
            ],
            "authors": [
                {
                    "name": "Kyle Robinson Young",
                    "email": "kyle@dontkry.com",
                    "homepage": "https://github.com/shama"
                }
            ],
            "description": "A multi-framework Composer library installer",
            "homepage": "http://composer.github.com/installers/",
            "keywords": [
                "Craft",
                "Dolibarr",
                "Hurad",
                "MODX Evo",
                "OXID",
                "SMF",
                "Thelia",
                "WolfCMS",
                "agl",
                "aimeos",
                "annotatecms",
                "bitrix",
                "cakephp",
                "chef",
                "codeigniter",
                "concrete5",
                "croogo",
                "dokuwiki",
                "drupal",
                "elgg",
                "fuelphp",
                "grav",
                "installer",
                "joomla",
                "kohana",
                "laravel",
                "lithium",
                "magento",
                "mako",
                "mediawiki",
                "modulework",
                "moodle",
                "phpbb",
                "piwik",
                "ppi",
                "puppet",
                "roundcube",
                "shopware",
                "silverstripe",
                "symfony",
                "typo3",
                "wordpress",
                "zend",
                "zikula"
            ],
            "time": "2015-03-15 01:03:53"
        },
        {
            "name": "jonom/focuspoint",
            "version": "dev-master",
            "source": {
                "type": "git",
                "url": "https://github.com/jonom/silverstripe-focuspoint.git",
                "reference": "6769333e8789c6ab87a28e0a5d4c738bbb40cc90"
            },
            "dist": {
                "type": "zip",
                "url": "https://api.github.com/repos/jonom/silverstripe-focuspoint/zipball/6769333e8789c6ab87a28e0a5d4c738bbb40cc90",
                "reference": "6769333e8789c6ab87a28e0a5d4c738bbb40cc90",
                "shasum": ""
            },
            "require": {
                "silverstripe/framework": "~3.1"
            },
            "type": "silverstripe-module",
            "notification-url": "https://packagist.org/downloads/",
            "license": [
                "BSD-3-Clause"
            ],
            "authors": [
                {
                    "name": "Jonathon Menz",
                    "homepage": "http://jonathonmenz.com"
                }
            ],
            "description": "Smarter automatic image cropping for SilverStripe",
            "keywords": [
                "crop",
                "cropping",
                "focus",
                "focuspoint",
                "image",
                "silverstripe"
            ],
            "time": "2014-12-18 04:05:56"
        },
        {
            "name": "rywa/silverstripe-foundation-forms",
            "version": "dev-master",
            "source": {
                "type": "git",
                "url": "https://github.com/rywa/silverstripe-foundation-forms.git",
                "reference": "98bbd67f4f37892b65406a36de8debd3e54f7bb4"
            },
            "dist": {
                "type": "zip",
                "url": "https://api.github.com/repos/rywa/silverstripe-foundation-forms/zipball/98bbd67f4f37892b65406a36de8debd3e54f7bb4",
                "reference": "98bbd67f4f37892b65406a36de8debd3e54f7bb4",
                "shasum": ""
            },
            "require": {
                "composer/installers": "*",
                "silverstripe/framework": "~3.1"
            },
            "type": "silverstripe-module",
            "extra": {
                "installer-name": "foundationforms",
                "branch-alias": {
                    "dev-master": "1.0.x-dev"
                }
            },
            "notification-url": "https://packagist.org/downloads/",
            "license": [
                "MIT Open Source License"
            ],
            "authors": [
                {
                    "name": "Ryan Wachtl",
                    "email": "ryan@beyondusability.pro",
                    "homepage": "http://beyondusability.pro",
                    "role": "Developer"
                }
            ],
            "description": "Add Foundation framework forms compatibility to SilverStripe 3",
            "keywords": [
                "Forms",
                "foundation",
                "silverstripe",
                "zurb foundation"
            ],
            "time": "2015-03-04 01:56:50"
        },
        {
            "name": "silverstripe-australia/gridfieldextensions",
            "version": "dev-master",
            "source": {
                "type": "git",
                "url": "https://github.com/silverstripe-australia/silverstripe-gridfieldextensions.git",
                "reference": "302f7c0dc1ca929d7aa001453eaa16491afd4d5b"
            },
            "dist": {
                "type": "zip",
                "url": "https://api.github.com/repos/silverstripe-australia/silverstripe-gridfieldextensions/zipball/302f7c0dc1ca929d7aa001453eaa16491afd4d5b",
                "reference": "302f7c0dc1ca929d7aa001453eaa16491afd4d5b",
                "shasum": ""
            },
            "require": {
                "silverstripe/framework": "~3.1"
            },
            "replace": {
                "ajshort/silverstripe-gridfieldextensions": "self.version"
            },
            "type": "silverstripe-module",
            "extra": {
                "installer-name": "gridfieldextensions",
                "screenshots": [
                    "docs/en/_images/editable-rows.png",
                    "docs/en/_images/add-existing-search.png"
                ]
            },
            "notification-url": "https://packagist.org/downloads/",
            "license": [
                "BSD-3-Clause"
            ],
            "authors": [
                {
                    "name": "Marcus Nyeholt",
                    "email": "marcus@silverstripe.com.au"
                },
                {
                    "name": "Andrew Short",
                    "email": "andrewjshort@gmail.com"
                }
            ],
            "description": "A collection of useful grid field components",
            "homepage": "http://github.com/ajshort/silverstripe-gridfieldextensions",
            "keywords": [
                "gridfield",
                "silverstripe"
            ],
            "time": "2015-03-04 01:28:24"
        },
        {
            "name": "silverstripe/cms",
            "version": "3.1.x-dev",
            "source": {
                "type": "git",
                "url": "https://github.com/silverstripe/silverstripe-cms.git",
                "reference": "c0a44db56b9565bc2531eb1199dc7e07f7be93bd"
            },
            "dist": {
                "type": "zip",
                "url": "https://api.github.com/repos/silverstripe/silverstripe-cms/zipball/c0a44db56b9565bc2531eb1199dc7e07f7be93bd",
                "reference": "c0a44db56b9565bc2531eb1199dc7e07f7be93bd",
                "shasum": ""
            },
            "require": {
                "composer/installers": "*",
                "php": ">=5.3.2",
                "silverstripe/framework": "3.1.*"
            },
            "type": "silverstripe-module",
            "autoload": {
                "classmap": [
                    "tests/behat/"
                ]
            },
            "notification-url": "https://packagist.org/downloads/",
            "license": [
                "BSD-3-Clause"
            ],
            "authors": [
                {
                    "name": "SilverStripe",
                    "homepage": "http://silverstripe.com"
                },
                {
                    "name": "The SilverStripe Community",
                    "homepage": "http://silverstripe.org"
                }
            ],
            "description": "The SilverStripe Content Management System",
            "homepage": "http://silverstripe.org",
            "keywords": [
                "cms",
                "silverstripe"
            ],
            "time": "2015-03-10 09:50:26"
        },
        {
            "name": "silverstripe/framework",
            "version": "3.1.x-dev",
            "source": {
                "type": "git",
                "url": "https://github.com/silverstripe/silverstripe-framework.git",
                "reference": "a0bffccb6ad1a98f16b55e54b8fe2cd6779f5c4a"
            },
            "dist": {
                "type": "zip",
                "url": "https://api.github.com/repos/silverstripe/silverstripe-framework/zipball/a0bffccb6ad1a98f16b55e54b8fe2cd6779f5c4a",
                "reference": "a0bffccb6ad1a98f16b55e54b8fe2cd6779f5c4a",
                "shasum": ""
            },
            "require": {
                "composer/installers": "*",
                "php": ">=5.3.2"
            },
            "require-dev": {
                "phpunit/phpunit": "~3.7@stable"
            },
            "type": "silverstripe-module",
            "autoload": {
                "classmap": [
                    "tests/behat/features/bootstrap"
                ]
            },
            "notification-url": "https://packagist.org/downloads/",
            "license": [
                "BSD-3-Clause"
            ],
            "authors": [
                {
                    "name": "SilverStripe",
                    "homepage": "http://silverstripe.com"
                },
                {
                    "name": "The SilverStripe Community",
                    "homepage": "http://silverstripe.org"
                }
            ],
            "description": "The SilverStripe framework",
            "homepage": "http://silverstripe.org",
            "keywords": [
                "framework",
                "silverstripe"
            ],
            "time": "2015-03-12 07:30:29"
        },
        {
            "name": "silverstripe/userforms",
            "version": "dev-master",
            "source": {
                "type": "git",
                "url": "https://github.com/silverstripe/silverstripe-userforms.git",
                "reference": "83c2774c454174c98b519e6d5f9e51d9e3605753"
            },
            "dist": {
                "type": "zip",
                "url": "https://api.github.com/repos/silverstripe/silverstripe-userforms/zipball/83c2774c454174c98b519e6d5f9e51d9e3605753",
                "reference": "83c2774c454174c98b519e6d5f9e51d9e3605753",
                "shasum": ""
            },
            "require": {
                "silverstripe/cms": ">=3.1.0",
                "silverstripe/framework": ">=3.1.0"
            },
            "suggest": {
                "colymba/gridfield-bulk-editing-tools": "Allows for bulk management of form submissions"
            },
            "type": "silverstripe-module",
            "extra": {
                "branch-alias": {
                    "dev-master": "2.0.x-dev"
                }
            },
            "notification-url": "https://packagist.org/downloads/",
            "license": [
                "BSD-3-Clause"
            ],
            "authors": [
                {
                    "name": "Will Rossiter",
                    "email": "will@fullscreen.io"
                }
            ],
            "description": "UserForms enables CMS users to create dynamic forms via a drag and drop interface and without getting involved in any PHP code",
            "keywords": [
                "silverstripe",
                "userforms"
            ],
            "time": "2015-02-23 03:54:31"
        },
        {
            "name": "titledk/silverstripe-gallery",
            "version": "dev-master",
            "source": {
                "type": "git",
                "url": "https://github.com/titledk/silverstripe-gallery.git",
                "reference": "46b3e664f7ea2b0896f1de7e2347bfbbe90bcfe0"
            },
            "dist": {
                "type": "zip",
                "url": "https://api.github.com/repos/titledk/silverstripe-gallery/zipball/46b3e664f7ea2b0896f1de7e2347bfbbe90bcfe0",
                "reference": "46b3e664f7ea2b0896f1de7e2347bfbbe90bcfe0",
                "shasum": ""
            },
            "require": {
                "bummzack/sortablefile": "*",
                "titledk/silverstripe-uploaddirrules": "dev-legacy"
            },
            "type": "silverstripe-module",
            "extra": {
                "installer-name": "gallery"
            },
            "notification-url": "https://packagist.org/downloads/",
            "authors": [
                {
                    "name": "Anselm Christophersen",
                    "email": "ac@anselm.dk"
                }
            ],
            "description": "A simple gallery backend for SilverStripe 3 with advanced directory saving rules",
            "homepage": "https://github.com/titledk/silverstripe-gallery",
            "keywords": [
                "gallery",
                "silverstripe"
            ],
            "time": "2015-03-15 10:28:22"
        },
        {
            "name": "titledk/silverstripe-uploaddirrules",
            "version": "dev-legacy",
            "source": {
                "type": "git",
                "url": "https://github.com/titledk/silverstripe-uploaddirrules.git",
                "reference": "b8bc73ac5efc7fa52b5d3470099ebf4703d5b285"
            },
            "dist": {
                "type": "zip",
                "url": "https://api.github.com/repos/titledk/silverstripe-uploaddirrules/zipball/b8bc73ac5efc7fa52b5d3470099ebf4703d5b285",
                "reference": "b8bc73ac5efc7fa52b5d3470099ebf4703d5b285",
                "shasum": ""
            },
            "type": "silverstripe-module",
            "extra": {
                "installer-name": "uploaddirrules"
            },
            "notification-url": "https://packagist.org/downloads/",
            "authors": [
                {
                    "name": "Anselm Christophersen",
                    "email": "ac@anselm.dk"
                }
            ],
            "description": "Rules to keep the SilverStripe assets directory tidy",
            "homepage": "https://github.com/titledk/silverstripe-uploaddirrules",
            "keywords": [
                "assets",
                "silverstripe",
                "subsites"
            ],
            "time": "2014-11-11 15:34:41"
        },
        {
            "name": "unclecheese/betterbuttons",
            "version": "dev-master",
            "source": {
                "type": "git",
                "url": "https://github.com/unclecheese/silverstripe-gridfield-betterbuttons.git",
                "reference": "ba7e5d19ddf774de05da6c33af76fdb76b49cc00"
            },
            "dist": {
                "type": "zip",
                "url": "https://api.github.com/repos/unclecheese/silverstripe-gridfield-betterbuttons/zipball/ba7e5d19ddf774de05da6c33af76fdb76b49cc00",
                "reference": "ba7e5d19ddf774de05da6c33af76fdb76b49cc00",
                "shasum": ""
            },
            "require": {
                "silverstripe/framework": "~3.1"
            },
            "type": "silverstripe-module",
            "notification-url": "https://packagist.org/downloads/",
            "license": [
                "BSD-3-Clause"
            ],
            "authors": [
                {
                    "name": "Uncle Cheese",
                    "email": "unclecheese@leftandmain.com"
                }
            ],
            "description": "Adds new form actions and buttons to GridField detail form for usability enhancements.",
            "keywords": [
                "buttons",
                "gridfield",
                "silverstripe"
            ],
            "time": "2015-02-24 21:00:10"
        }
    ],
    "packages-dev": [],
    "aliases": [],
    "minimum-stability": "dev",
    "stability-flags": {
        "silverstripe-australia/gridfieldextensions": 20,
        "unclecheese/betterbuttons": 20,
        "silverstripe/userforms": 20,
        "rywa/silverstripe-foundation-forms": 20,
        "jonom/focuspoint": 20
    },
    "prefer-stable": false,
    "prefer-lowest": false,
    "platform": {
        "php": ">=5.3.2"
    },
    "platform-dev": []
}
