{
    "_readme": [
        "This file locks the dependencies of your project to a known state",
        "Read more about it at http://getcomposer.org/doc/01-basic-usage.md#composer-lock-the-lock-file",
        "This file is @generated automatically"
    ],
    "hash": "a1a26e122f7049d49302acb178f93a4c",
    "packages": [
        {
            "name": "ajshort/silverstripe-gridfieldextensions",
            "version": "dev-master",
            "source": {
                "type": "git",
                "url": "https://github.com/ajshort/silverstripe-gridfieldextensions.git",
                "reference": "7bf3cf9a319f35ca858385c8146685ee4bfc5ad0"
            },
            "dist": {
                "type": "zip",
                "url": "https://api.github.com/repos/ajshort/silverstripe-gridfieldextensions/zipball/7bf3cf9a319f35ca858385c8146685ee4bfc5ad0",
                "reference": "7bf3cf9a319f35ca858385c8146685ee4bfc5ad0",
                "shasum": ""
            },
            "require": {
                "silverstripe/framework": "~3.1"
            },
            "type": "silverstripe-module",
            "extra": {
                "installer-name": "gridfieldextensions",
                "screenshots": [
                    "docs/en/_images/editable-rows.png",
                    "docs/en/_images/add-existing-search.png"
                ]
            },
            "notification-url": "https://packagist.org/downloads/",
            "license": [
                "BSD-3-Clause"
            ],
            "authors": [
                {
                    "name": "Andrew Short",
                    "email": "andrewjshort@gmail.com"
                }
            ],
            "description": "A collection of useful grid field components",
            "homepage": "http://github.com/ajshort/silverstripe-gridfieldextensions",
            "keywords": [
                "gridfield",
                "silverstripe"
            ],
            "time": "2014-07-09 12:49:12"
        },
        {
            "name": "bummzack/sortablefile",
            "version": "dev-master",
            "source": {
                "type": "git",
                "url": "https://github.com/bummzack/sortablefile.git",
                "reference": "ea0e0202c2844571b9a08bc2bcd524ad27b55b2b"
            },
            "dist": {
                "type": "zip",
                "url": "https://api.github.com/repos/bummzack/sortablefile/zipball/ea0e0202c2844571b9a08bc2bcd524ad27b55b2b",
                "reference": "ea0e0202c2844571b9a08bc2bcd524ad27b55b2b",
                "shasum": ""
            },
            "require": {
                "silverstripe/framework": "~3.1"
            },
            "type": "silverstripe-module",
            "extra": {
                "branch-alias": {
                    "dev-master": "1.0.x-dev"
                }
            },
            "notification-url": "https://packagist.org/downloads/",
            "license": [
                "BSD-3-Clause"
            ],
            "authors": [
                {
                    "name": "bummzack"
                }
            ],
            "description": "An extension for SilverStripe 3.1 that allows sorting of multiple attached images (extends UploadField).",
            "keywords": [
                "cms",
                "silverstripe",
                "sortable"
            ],
            "time": "2014-09-30 13:47:46"
        },
        {
            "name": "composer/installers",
            "version": "dev-master",
            "source": {
                "type": "git",
                "url": "https://github.com/composer/installers.git",
                "reference": "09e2192a7cd08008e273355fddd38942d8de2992"
            },
            "dist": {
                "type": "zip",
                "url": "https://api.github.com/repos/composer/installers/zipball/09e2192a7cd08008e273355fddd38942d8de2992",
                "reference": "09e2192a7cd08008e273355fddd38942d8de2992",
                "shasum": ""
            },
            "replace": {
                "roundcube/plugin-installer": "*",
                "shama/baton": "*"
            },
            "require-dev": {
                "composer/composer": "1.0.*@dev",
                "phpunit/phpunit": "4.1.*"
            },
            "type": "composer-installer",
            "extra": {
                "class": "Composer\\Installers\\Installer",
                "branch-alias": {
                    "dev-master": "1.0-dev"
                }
            },
            "autoload": {
                "psr-0": {
                    "Composer\\Installers\\": "src/"
                }
            },
            "notification-url": "https://packagist.org/downloads/",
            "license": [
                "MIT"
            ],
            "authors": [
                {
                    "name": "Kyle Robinson Young",
                    "email": "kyle@dontkry.com",
                    "homepage": "https://github.com/shama"
                }
            ],
            "description": "A multi-framework Composer library installer",
            "homepage": "http://composer.github.com/installers/",
            "keywords": [
                "Craft",
                "Dolibarr",
                "Hurad",
                "MODX Evo",
                "OXID",
                "Thelia",
                "WolfCMS",
                "agl",
                "annotatecms",
                "bitrix",
                "cakephp",
                "chef",
                "codeigniter",
                "concrete5",
                "croogo",
                "drupal",
                "elgg",
                "fuelphp",
                "grav",
                "installer",
                "joomla",
                "kohana",
                "laravel",
                "lithium",
                "magento",
                "mako",
                "mediawiki",
                "modulework",
                "moodle",
                "phpbb",
                "piwik",
                "ppi",
                "puppet",
                "roundcube",
                "shopware",
                "silverstripe",
                "symfony",
                "typo3",
                "wordpress",
                "zend",
                "zikula"
            ],
            "time": "2014-10-15 03:40:33"
        },
        {
            "name": "rywa/silverstripe-foundation-forms",
            "version": "dev-master",
            "source": {
                "type": "git",
                "url": "https://github.com/ryanwachtl/silverstripe-foundation-forms.git",
                "reference": "8e1daa4c89a0dd36f491b210fe8e9ca07674a94e"
            },
            "dist": {
                "type": "zip",
                "url": "https://api.github.com/repos/ryanwachtl/silverstripe-foundation-forms/zipball/8e1daa4c89a0dd36f491b210fe8e9ca07674a94e",
                "reference": "8e1daa4c89a0dd36f491b210fe8e9ca07674a94e",
                "shasum": ""
            },
            "require": {
                "composer/installers": "*",
                "silverstripe/framework": ">=3.0"
            },
            "type": "silverstripe-module",
            "extra": {
                "installer-name": "foundationforms"
            },
            "notification-url": "https://packagist.org/downloads/",
            "license": [
                "MIT Open Source License"
            ],
            "authors": [
                {
                    "name": "Ryan Wachtl",
                    "homepage": "http://ryanwachtl.com"
                }
            ],
            "description": "SilverStripe 3 Forms Compatible with Zurb Foundation Framework",
            "keywords": [
                "Forms",
                "silverstripe",
                "zurbfoundation"
            ],
            "time": "2014-08-01 02:02:34"
        },
        {
            "name": "silverstripe/cms",
            "version": "3.1.x-dev",
            "source": {
                "type": "git",
                "url": "https://github.com/silverstripe/silverstripe-cms.git",
                "reference": "286dfe4d86d217913a4d5951edba2c2eeb4b9d00"
            },
            "dist": {
                "type": "zip",
                "url": "https://api.github.com/repos/silverstripe/silverstripe-cms/zipball/286dfe4d86d217913a4d5951edba2c2eeb4b9d00",
                "reference": "286dfe4d86d217913a4d5951edba2c2eeb4b9d00",
                "shasum": ""
            },
            "require": {
                "composer/installers": "*",
                "php": ">=5.3.2",
                "silverstripe/framework": "3.1.*"
            },
            "type": "silverstripe-module",
            "autoload": {
                "classmap": [
                    "tests/behat/"
                ]
            },
            "notification-url": "https://packagist.org/downloads/",
            "license": [
                "BSD-3-Clause"
            ],
            "authors": [
                {
                    "name": "SilverStripe",
                    "homepage": "http://silverstripe.com"
                },
                {
                    "name": "The SilverStripe Community",
                    "homepage": "http://silverstripe.org"
                }
            ],
            "description": "The SilverStripe Content Management System",
            "homepage": "http://silverstripe.org",
            "keywords": [
                "cms",
                "silverstripe"
            ],
            "time": "2014-10-15 21:36:31"
        },
        {
            "name": "silverstripe/framework",
            "version": "3.1.x-dev",
            "source": {
                "type": "git",
                "url": "https://github.com/silverstripe/silverstripe-framework.git",
                "reference": "dc919dc3d91692ee5c4d04b7405abad980d5869e"
            },
            "dist": {
                "type": "zip",
                "url": "https://api.github.com/repos/silverstripe/silverstripe-framework/zipball/dc919dc3d91692ee5c4d04b7405abad980d5869e",
                "reference": "dc919dc3d91692ee5c4d04b7405abad980d5869e",
                "shasum": ""
            },
            "require": {
                "composer/installers": "*",
                "php": ">=5.3.2"
            },
            "require-dev": {
                "phpunit/phpunit": "~3.7@stable"
            },
            "type": "silverstripe-module",
            "autoload": {
                "classmap": [
                    "tests/behat/features/bootstrap"
                ]
            },
            "notification-url": "https://packagist.org/downloads/",
            "license": [
                "BSD-3-Clause"
            ],
            "authors": [
                {
                    "name": "SilverStripe",
                    "homepage": "http://silverstripe.com"
                },
                {
                    "name": "The SilverStripe Community",
                    "homepage": "http://silverstripe.org"
                }
            ],
            "description": "The SilverStripe framework",
            "homepage": "http://silverstripe.org",
            "keywords": [
                "framework",
                "silverstripe"
            ],
            "time": "2014-10-15 22:55:55"
        },
        {
            "name": "silverstripe/userforms",
            "version": "dev-master",
            "source": {
                "type": "git",
                "url": "https://github.com/silverstripe/silverstripe-userforms.git",
                "reference": "fcba06c1664e4c2ae5c7e2998719af92d5b0b63d"
            },
            "dist": {
                "type": "zip",
                "url": "https://api.github.com/repos/silverstripe/silverstripe-userforms/zipball/fcba06c1664e4c2ae5c7e2998719af92d5b0b63d",
                "reference": "fcba06c1664e4c2ae5c7e2998719af92d5b0b63d",
                "shasum": ""
            },
            "require": {
                "silverstripe/cms": ">=3.1.0",
                "silverstripe/framework": ">=3.1.0"
            },
            "suggest": {
                "colymba/gridfield-bulk-editing-tools": "Allows for bulk management of form submissions"
            },
            "type": "silverstripe-module",
            "extra": {
                "branch-alias": {
                    "dev-master": "2.0.x-dev"
                }
            },
            "notification-url": "https://packagist.org/downloads/",
            "license": [
                "BSD-3-Clause"
            ],
            "authors": [
                {
                    "name": "Will Rossiter",
                    "email": "will@fullscreen.io"
                }
            ],
            "description": "UserForms enables CMS users to create dynamic forms via a drag and drop interface and without getting involved in any PHP code",
            "keywords": [
                "silverstripe",
                "userforms"
            ],
            "time": "2014-08-25 06:42:29"
        },
        {
            "name": "titledk/silverstripe-gallery",
            "version": "dev-master",
            "source": {
                "type": "git",
                "url": "https://github.com/titledk/silverstripe-gallery.git",
                "reference": "7dc861612b36c2b9873cd3e5ef5c5f4b8342249e"
            },
            "dist": {
                "type": "zip",
                "url": "https://api.github.com/repos/titledk/silverstripe-gallery/zipball/7dc861612b36c2b9873cd3e5ef5c5f4b8342249e",
                "reference": "7dc861612b36c2b9873cd3e5ef5c5f4b8342249e",
                "shasum": ""
            },
            "require": {
                "bummzack/sortablefile": "*",
                "titledk/silverstripe-uploaddirrules": "*"
            },
            "type": "silverstripe-module",
            "extra": {
                "installer-name": "gallery"
            },
            "notification-url": "https://packagist.org/downloads/",
            "authors": [
                {
                    "name": "Anselm Christophersen",
                    "email": "ac@anselm.dk"
                }
            ],
            "description": "A simple gallery backend for SilverStripe 3 with advanced directory saving rules",
            "homepage": "https://bitbucket.org/titledk/silverstripe-gallery",
            "keywords": [
                "gallery",
                "silverstripe"
            ],
            "time": "2014-10-20 09:10:14"
        },
        {
            "name": "titledk/silverstripe-uploaddirrules",
            "version": "dev-master",
            "source": {
                "type": "git",
                "url": "https://github.com/titledk/silverstripe-uploaddirrules.git",
                "reference": "40a4b4e3ef8e8da82f68bd4a04cd1b0ddb5085cb"
            },
            "dist": {
                "type": "zip",
                "url": "https://api.github.com/repos/titledk/silverstripe-uploaddirrules/zipball/40a4b4e3ef8e8da82f68bd4a04cd1b0ddb5085cb",
                "reference": "40a4b4e3ef8e8da82f68bd4a04cd1b0ddb5085cb",
                "shasum": ""
            },
            "type": "silverstripe-module",
            "extra": {
                "installer-name": "uploaddirrules"
            },
            "notification-url": "https://packagist.org/downloads/",
            "authors": [
                {
                    "name": "Anselm Christophersen",
                    "email": "ac@anselm.dk"
                }
            ],
            "description": "Rules to keep the SilverStripe assets directory tidy",
            "homepage": "https://bitbucket.org/titledk/silverstripe-gallery",
            "keywords": [
                "assets",
                "silverstripe",
                "subsites"
            ],
            "time": "2014-10-20 09:02:50"
        },
        {
            "name": "unclecheese/betterbuttons",
            "version": "dev-master",
            "source": {
                "type": "git",
                "url": "https://github.com/unclecheese/silverstripe-gridfield-betterbuttons.git",
                "reference": "feabffc4976a16f9860cc2768921833a6d97c102"
            },
            "dist": {
                "type": "zip",
                "url": "https://api.github.com/repos/unclecheese/silverstripe-gridfield-betterbuttons/zipball/feabffc4976a16f9860cc2768921833a6d97c102",
                "reference": "feabffc4976a16f9860cc2768921833a6d97c102",
                "shasum": ""
            },
            "require": {
                "silverstripe/framework": "~3.1"
            },
            "type": "silverstripe-module",
            "notification-url": "https://packagist.org/downloads/",
            "license": [
                "BSD-3-Clause"
            ],
            "authors": [
                {
                    "name": "Uncle Cheese",
                    "email": "unclecheese@leftandmain.com"
                }
            ],
            "description": "Adds new form actions and buttons to GridField detail form for usability enhancements.",
            "keywords": [
                "buttons",
                "gridfield",
                "silverstripe"
            ],
            "time": "2014-10-12 23:46:11"
        }
    ],
    "packages-dev": [],
    "aliases": [],
    "minimum-stability": "dev",
    "stability-flags": {
        "ajshort/silverstripe-gridfieldextensions": 20,
        "unclecheese/betterbuttons": 20,
        "silverstripe/userforms": 20,
        "rywa/silverstripe-foundation-forms": 20
    },
    "prefer-stable": false,
    "platform": {
        "php": ">=5.3.2"
    },
    "platform-dev": []
}
