{
    "_readme": [
        "This file locks the dependencies of your project to a known state",
        "Read more about it at http://getcomposer.org/doc/01-basic-usage.md#composer-lock-the-lock-file",
        "This file is @generated automatically"
    ],
    "hash": "98a74c7a9aefd70ebd328008552aed70",
    "packages": [
        {
            "name": "bummzack/sortablefile",
            "version": "dev-master",
            "source": {
                "type": "git",
                "url": "https://github.com/bummzack/sortablefile.git",
                "reference": "ea0e0202c2844571b9a08bc2bcd524ad27b55b2b"
            },
            "dist": {
                "type": "zip",
                "url": "https://api.github.com/repos/bummzack/sortablefile/zipball/ea0e0202c2844571b9a08bc2bcd524ad27b55b2b",
                "reference": "ea0e0202c2844571b9a08bc2bcd524ad27b55b2b",
                "shasum": ""
            },
            "require": {
                "silverstripe/framework": "~3.1"
            },
            "type": "silverstripe-module",
            "extra": {
                "branch-alias": {
                    "dev-master": "1.0.x-dev"
                }
            },
            "notification-url": "https://packagist.org/downloads/",
            "license": [
                "BSD-3-Clause"
            ],
            "authors": [
                {
                    "name": "bummzack"
                }
            ],
            "description": "An extension for SilverStripe 3.1 that allows sorting of multiple attached images (extends UploadField).",
            "keywords": [
                "cms",
                "silverstripe",
                "sortable"
            ],
            "time": "2014-09-30 13:47:46"
        },
        {
            "name": "composer/installers",
            "version": "dev-master",
            "source": {
                "type": "git",
                "url": "https://github.com/composer/installers.git",
                "reference": "2d91dc9ce37bbf876cd408d483270a07001d8c7d"
            },
            "dist": {
                "type": "zip",
                "url": "https://api.github.com/repos/composer/installers/zipball/2d91dc9ce37bbf876cd408d483270a07001d8c7d",
                "reference": "2d91dc9ce37bbf876cd408d483270a07001d8c7d",
                "shasum": ""
            },
            "replace": {
                "roundcube/plugin-installer": "*",
                "shama/baton": "*"
            },
            "require-dev": {
                "composer/composer": "1.0.*@dev",
                "phpunit/phpunit": "4.1.*"
            },
            "type": "composer-installer",
            "extra": {
                "class": "Composer\\Installers\\Installer",
                "branch-alias": {
                    "dev-master": "1.0-dev"
                }
            },
            "autoload": {
                "psr-0": {
                    "Composer\\Installers\\": "src/"
                }
            },
            "notification-url": "https://packagist.org/downloads/",
            "license": [
                "MIT"
            ],
            "authors": [
                {
                    "name": "Kyle Robinson Young",
                    "email": "kyle@dontkry.com",
                    "homepage": "https://github.com/shama"
                }
            ],
            "description": "A multi-framework Composer library installer",
            "homepage": "http://composer.github.com/installers/",
            "keywords": [
                "Craft",
                "Dolibarr",
                "Hurad",
                "MODX Evo",
                "OXID",
                "SMF",
                "Thelia",
                "WolfCMS",
                "agl",
                "annotatecms",
                "bitrix",
                "cakephp",
                "chef",
                "codeigniter",
                "concrete5",
                "croogo",
                "dokuwiki",
                "drupal",
                "elgg",
                "fuelphp",
                "grav",
                "installer",
                "joomla",
                "kohana",
                "laravel",
                "lithium",
                "magento",
                "mako",
                "mediawiki",
                "modulework",
                "moodle",
                "phpbb",
                "piwik",
                "ppi",
                "puppet",
                "roundcube",
                "shopware",
                "silverstripe",
                "symfony",
                "typo3",
                "wordpress",
                "zend",
                "zikula"
            ],
            "time": "2015-01-21 21:08:45"
        },
        {
            "name": "jonom/focuspoint",
            "version": "dev-master",
            "source": {
                "type": "git",
                "url": "https://github.com/jonom/silverstripe-focuspoint.git",
                "reference": "6769333e8789c6ab87a28e0a5d4c738bbb40cc90"
            },
            "dist": {
                "type": "zip",
                "url": "https://api.github.com/repos/jonom/silverstripe-focuspoint/zipball/6769333e8789c6ab87a28e0a5d4c738bbb40cc90",
                "reference": "6769333e8789c6ab87a28e0a5d4c738bbb40cc90",
                "shasum": ""
            },
            "require": {
                "silverstripe/framework": "~3.1"
            },
            "type": "silverstripe-module",
            "notification-url": "https://packagist.org/downloads/",
            "license": [
                "BSD-3-Clause"
            ],
            "authors": [
                {
                    "name": "Jonathon Menz",
                    "homepage": "http://jonathonmenz.com"
                }
            ],
            "description": "Smarter automatic image cropping for SilverStripe",
            "keywords": [
                "crop",
                "cropping",
                "focus",
                "focuspoint",
                "image",
                "silverstripe"
            ],
            "time": "2014-12-18 04:05:56"
        },
        {
            "name": "rywa/silverstripe-foundation-forms",
            "version": "dev-master",
            "source": {
                "type": "git",
                "url": "https://github.com/rywa/silverstripe-foundation-forms.git",
                "reference": "6ec89d0a641b4eb68234bb5bdd22c29cccd17dd9"
            },
            "dist": {
                "type": "zip",
                "url": "https://api.github.com/repos/rywa/silverstripe-foundation-forms/zipball/6ec89d0a641b4eb68234bb5bdd22c29cccd17dd9",
                "reference": "6ec89d0a641b4eb68234bb5bdd22c29cccd17dd9",
                "shasum": ""
            },
            "require": {
                "composer/installers": "*",
                "silverstripe/framework": "~3.1"
            },
            "type": "silverstripe-module",
            "extra": {
                "installer-name": "foundationforms",
                "branch-alias": {
                    "dev-master": "1.0.x-dev"
                }
            },
            "notification-url": "https://packagist.org/downloads/",
            "license": [
                "MIT Open Source License"
            ],
            "authors": [
                {
                    "name": "Ryan Wachtl",
                    "email": "ryan@beyondusability.pro",
                    "homepage": "http://beyondusability.pro",
                    "role": "Developer"
                }
            ],
            "description": "Add Foundation framework forms compatibility to SilverStripe 3",
            "keywords": [
                "Forms",
                "foundation",
                "silverstripe",
                "zurb foundation"
            ],
            "time": "2015-01-27 18:10:19"
        },
        {
            "name": "silverstripe-australia/gridfieldextensions",
            "version": "dev-master",
            "source": {
                "type": "git",
                "url": "https://github.com/silverstripe-australia/silverstripe-gridfieldextensions.git",
                "reference": "00acd79645159ac90da5de5d6bc145633a890105"
            },
            "dist": {
                "type": "zip",
                "url": "https://api.github.com/repos/silverstripe-australia/silverstripe-gridfieldextensions/zipball/00acd79645159ac90da5de5d6bc145633a890105",
                "reference": "00acd79645159ac90da5de5d6bc145633a890105",
                "shasum": ""
            },
            "require": {
                "silverstripe/framework": "~3.1"
            },
            "replace": {
                "ajshort/silverstripe-gridfieldextensions": "self.version"
            },
            "type": "silverstripe-module",
            "extra": {
                "installer-name": "gridfieldextensions",
                "screenshots": [
                    "docs/en/_images/editable-rows.png",
                    "docs/en/_images/add-existing-search.png"
                ]
            },
            "notification-url": "https://packagist.org/downloads/",
            "license": [
                "BSD-3-Clause"
            ],
            "authors": [
                {
                    "name": "Marcus Nyeholt",
                    "email": "marcus@silverstripe.com.au"
                },
                {
                    "name": "Andrew Short",
                    "email": "andrewjshort@gmail.com"
                }
            ],
            "description": "A collection of useful grid field components",
            "homepage": "http://github.com/ajshort/silverstripe-gridfieldextensions",
            "keywords": [
                "gridfield",
                "silverstripe"
            ],
            "time": "2015-01-26 23:37:18"
        },
        {
            "name": "silverstripe/cms",
            "version": "3.1.x-dev",
            "source": {
                "type": "git",
                "url": "https://github.com/silverstripe/silverstripe-cms.git",
                "reference": "cfcbfea88e6678a5ec51272f7e7f716cefe4b5bc"
            },
            "dist": {
                "type": "zip",
                "url": "https://api.github.com/repos/silverstripe/silverstripe-cms/zipball/cfcbfea88e6678a5ec51272f7e7f716cefe4b5bc",
                "reference": "cfcbfea88e6678a5ec51272f7e7f716cefe4b5bc",
                "shasum": ""
            },
            "require": {
                "composer/installers": "*",
                "php": ">=5.3.2",
                "silverstripe/framework": "3.1.*"
            },
            "type": "silverstripe-module",
            "autoload": {
                "classmap": [
                    "tests/behat/"
                ]
            },
            "notification-url": "https://packagist.org/downloads/",
            "license": [
                "BSD-3-Clause"
            ],
            "authors": [
                {
                    "name": "SilverStripe",
                    "homepage": "http://silverstripe.com"
                },
                {
                    "name": "The SilverStripe Community",
                    "homepage": "http://silverstripe.org"
                }
            ],
            "description": "The SilverStripe Content Management System",
            "homepage": "http://silverstripe.org",
            "keywords": [
                "cms",
                "silverstripe"
            ],
            "time": "2015-01-22 09:23:26"
        },
        {
            "name": "silverstripe/framework",
            "version": "3.1.x-dev",
            "source": {
                "type": "git",
                "url": "https://github.com/silverstripe/silverstripe-framework.git",
                "reference": "efb1eb5886068596259a263e2c049462df107b09"
            },
            "dist": {
                "type": "zip",
                "url": "https://api.github.com/repos/silverstripe/silverstripe-framework/zipball/efb1eb5886068596259a263e2c049462df107b09",
                "reference": "efb1eb5886068596259a263e2c049462df107b09",
                "shasum": ""
            },
            "require": {
                "composer/installers": "*",
                "php": ">=5.3.2"
            },
            "require-dev": {
                "phpunit/phpunit": "~3.7@stable"
            },
            "type": "silverstripe-module",
            "autoload": {
                "classmap": [
                    "tests/behat/features/bootstrap"
                ]
            },
            "notification-url": "https://packagist.org/downloads/",
            "license": [
                "BSD-3-Clause"
            ],
            "authors": [
                {
                    "name": "SilverStripe",
                    "homepage": "http://silverstripe.com"
                },
                {
                    "name": "The SilverStripe Community",
                    "homepage": "http://silverstripe.org"
                }
            ],
            "description": "The SilverStripe framework",
            "homepage": "http://silverstripe.org",
            "keywords": [
                "framework",
                "silverstripe"
            ],
            "time": "2015-01-25 11:21:30"
        },
        {
            "name": "silverstripe/userforms",
            "version": "dev-master",
            "source": {
                "type": "git",
                "url": "https://github.com/silverstripe/silverstripe-userforms.git",
                "reference": "99ac1a3e20f60dc226e7b7166afd1ad81b7b06c3"
            },
            "dist": {
                "type": "zip",
                "url": "https://api.github.com/repos/silverstripe/silverstripe-userforms/zipball/99ac1a3e20f60dc226e7b7166afd1ad81b7b06c3",
                "reference": "99ac1a3e20f60dc226e7b7166afd1ad81b7b06c3",
                "shasum": ""
            },
            "require": {
                "silverstripe/cms": ">=3.1.0",
                "silverstripe/framework": ">=3.1.0"
            },
            "suggest": {
                "colymba/gridfield-bulk-editing-tools": "Allows for bulk management of form submissions"
            },
            "type": "silverstripe-module",
            "extra": {
                "branch-alias": {
                    "dev-master": "2.0.x-dev"
                }
            },
            "notification-url": "https://packagist.org/downloads/",
            "license": [
                "BSD-3-Clause"
            ],
            "authors": [
                {
                    "name": "Will Rossiter",
                    "email": "will@fullscreen.io"
                }
            ],
            "description": "UserForms enables CMS users to create dynamic forms via a drag and drop interface and without getting involved in any PHP code",
            "keywords": [
                "silverstripe",
                "userforms"
            ],
            "time": "2015-01-06 03:59:34"
        },
        {
            "name": "titledk/silverstripe-gallery",
            "version": "dev-master",
            "source": {
                "type": "git",
                "url": "https://github.com/titledk/silverstripe-gallery.git",
                "reference": "a146461b3d4ef4fdc935a98088d2a6c96e8771a6"
            },
            "dist": {
                "type": "zip",
                "url": "https://api.github.com/repos/titledk/silverstripe-gallery/zipball/a146461b3d4ef4fdc935a98088d2a6c96e8771a6",
                "reference": "a146461b3d4ef4fdc935a98088d2a6c96e8771a6",
                "shasum": ""
            },
            "require": {
                "bummzack/sortablefile": "*",
                "titledk/silverstripe-uploaddirrules": "*"
            },
            "type": "silverstripe-module",
            "extra": {
                "installer-name": "gallery"
            },
            "notification-url": "https://packagist.org/downloads/",
            "authors": [
                {
                    "name": "Anselm Christophersen",
                    "email": "ac@anselm.dk"
                }
            ],
            "description": "A simple gallery backend for SilverStripe 3 with advanced directory saving rules",
            "homepage": "https://github.com/titledk/silverstripe-gallery",
            "keywords": [
                "gallery",
                "silverstripe"
            ],
            "time": "2014-11-09 16:47:32"
        },
        {
            "name": "titledk/silverstripe-uploaddirrules",
            "version": "dev-master",
            "source": {
                "type": "git",
                "url": "https://github.com/titledk/silverstripe-uploaddirrules.git",
                "reference": "b8bc73ac5efc7fa52b5d3470099ebf4703d5b285"
            },
            "dist": {
                "type": "zip",
                "url": "https://api.github.com/repos/titledk/silverstripe-uploaddirrules/zipball/b8bc73ac5efc7fa52b5d3470099ebf4703d5b285",
                "reference": "b8bc73ac5efc7fa52b5d3470099ebf4703d5b285",
                "shasum": ""
            },
            "type": "silverstripe-module",
            "extra": {
                "installer-name": "uploaddirrules"
            },
            "notification-url": "https://packagist.org/downloads/",
            "authors": [
                {
                    "name": "Anselm Christophersen",
                    "email": "ac@anselm.dk"
                }
            ],
            "description": "Rules to keep the SilverStripe assets directory tidy",
            "homepage": "https://github.com/titledk/silverstripe-uploaddirrules",
            "keywords": [
                "assets",
                "silverstripe",
                "subsites"
            ],
            "time": "2014-11-11 15:34:41"
        },
        {
            "name": "unclecheese/betterbuttons",
            "version": "dev-master",
            "source": {
                "type": "git",
                "url": "https://github.com/unclecheese/silverstripe-gridfield-betterbuttons.git",
                "reference": "595dffde1ba402e802cd7786512f788d1c661627"
            },
            "dist": {
                "type": "zip",
                "url": "https://api.github.com/repos/unclecheese/silverstripe-gridfield-betterbuttons/zipball/595dffde1ba402e802cd7786512f788d1c661627",
                "reference": "595dffde1ba402e802cd7786512f788d1c661627",
                "shasum": ""
            },
            "require": {
                "silverstripe/framework": "~3.1"
            },
            "type": "silverstripe-module",
            "notification-url": "https://packagist.org/downloads/",
            "license": [
                "BSD-3-Clause"
            ],
            "authors": [
                {
                    "name": "Uncle Cheese",
                    "email": "unclecheese@leftandmain.com"
                }
            ],
            "description": "Adds new form actions and buttons to GridField detail form for usability enhancements.",
            "keywords": [
                "buttons",
                "gridfield",
                "silverstripe"
            ],
            "time": "2014-11-22 10:29:29"
        }
    ],
    "packages-dev": [],
    "aliases": [],
    "minimum-stability": "dev",
    "stability-flags": {
        "silverstripe-australia/gridfieldextensions": 20,
        "unclecheese/betterbuttons": 20,
        "silverstripe/userforms": 20,
        "rywa/silverstripe-foundation-forms": 20,
        "jonom/focuspoint": 20
    },
    "prefer-stable": false,
    "prefer-lowest": false,
    "platform": {
        "php": ">=5.3.2"
    },
    "platform-dev": []
}
